// !$*UTF8*$!
{
	archiveVersion = 1;
	classes = {
	};
	objectVersion = 77;
	objects = {

/* Begin PBXContainerItemProxy section */
		1E1FEA022EDC02DE00D5C7D5 /* PBXContainerItemProxy */ = {
			isa = PBXContainerItemProxy;
			containerPortal = 1E1FE9EC2EDC02D700D5C7D5 /* Project object */;
			proxyType = 1;
			remoteGlobalIDString = 1E1FE9F32EDC02D700D5C7D5;
			remoteInfo = AbsherIDConnectApp;
		};
		1E1FEA0C2EDC02DE00D5C7D5 /* PBXContainerItemProxy */ = {
			isa = PBXContainerItemProxy;
			containerPortal = 1E1FE9EC2EDC02D700D5C7D5 /* Project object */;
			proxyType = 1;
			remoteGlobalIDString = 1E1FE9F32EDC02D700D5C7D5;
			remoteInfo = AbsherIDConnectApp;
		};
/* End PBXContainerItemProxy section */

/* Begin PBXFileReference section */
		1E1FE9F42EDC02D700D5C7D5 /* AbsherIDConnectApp.app */ = {isa = PBXFileReference; explicitFileType = wrapper.application; includeInIndex = 0; path = AbsherIDConnectApp.app; sourceTree = BUILT_PRODUCTS_DIR; };
		1E1FEA012EDC02DE00D5C7D5 /* AbsherIDConnectAppTests.xctest */ = {isa = PBXFileReference; explicitFileType = wrapper.cfbundle; includeInIndex = 0; path = AbsherIDConnectAppTests.xctest; sourceTree = BUILT_PRODUCTS_DIR; };
		1E1FEA0B2EDC02DE00D5C7D5 /* AbsherIDConnectAppUITests.xctest */ = {isa = PBXFileReference; explicitFileType = wrapper.cfbundle; includeInIndex = 0; path = AbsherIDConnectAppUITests.xctest; sourceTree = BUILT_PRODUCTS_DIR; };
/* End PBXFileReference section */

/* Begin PBXFileSystemSynchronizedRootGroup section */
		1E1FE9F62EDC02D700D5C7D5 /* AbsherIDConnectApp */ = {
			isa = PBXFileSystemSynchronizedRootGroup;
			path = AbsherIDConnectApp;
			sourceTree = "<group>";
		};
		1E1FEA042EDC02DE00D5C7D5 /* AbsherIDConnectAppTests */ = {
			isa = PBXFileSystemSynchronizedRootGroup;
			path = AbsherIDConnectAppTests;
			sourceTree = "<group>";
		};
		1E1FEA0E2EDC02DE00D5C7D5 /* AbsherIDConnectAppUITests */ = {
			isa = PBXFileSystemSynchronizedRootGroup;
			path = AbsherIDConnectAppUITests;
			sourceTree = "<group>";
		};
/* End PBXFileSystemSynchronizedRootGroup section */

/* Begin PBXFrameworksBuildPhase section */
		1E1FE9F12EDC02D700D5C7D5 /* Frameworks */ = {
			isa = PBXFrameworksBuildPhase;
			buildActionMask = 2147483647;
			files = (
			);
			runOnlyForDeploymentPostprocessing = 0;
		};
		1E1FE9FE2EDC02DE00D5C7D5 /* Frameworks */ = {
			isa = PBXFrameworksBuildPhase;
			buildActionMask = 2147483647;
			files = (
			);
			runOnlyForDeploymentPostprocessing = 0;
		};
		1E1FEA082EDC02DE00D5C7D5 /* Frameworks */ = {
			isa = PBXFrameworksBuildPhase;
			buildActionMask = 2147483647;
			files = (
			);
			runOnlyForDeploymentPostprocessing = 0;
		};
/* End PBXFrameworksBuildPhase section */

/* Begin PBXGroup section */
		1E1FE9EB2EDC02D700D5C7D5 = {
			isa = PBXGroup;
			children = (
				1E1FE9F62EDC02D700D5C7D5 /* AbsherIDConnectApp */,
				1E1FEA042EDC02DE00D5C7D5 /* AbsherIDConnectAppTests */,
				1E1FEA0E2EDC02DE00D5C7D5 /* AbsherIDConnectAppUITests */,
				1E1FE9F52EDC02D700D5C7D5 /* Products */,
			);
			sourceTree = "<group>";
		};
		1E1FE9F52EDC02D700D5C7D5 /* Products */ = {
			isa = PBXGroup;
			children = (
				1E1FE9F42EDC02D700D5C7D5 /* AbsherIDConnectApp.app */,
				1E1FEA012EDC02DE00D5C7D5 /* AbsherIDConnectAppTests.xctest */,
				1E1FEA0B2EDC02DE00D5C7D5 /* AbsherIDConnectAppUITests.xctest */,
			);
			name = Products;
			sourceTree = "<group>";
		};
/* End PBXGroup section */

/* Begin PBXNativeTarget section */
		1E1FE9F32EDC02D700D5C7D5 /* AbsherIDConnectApp */ = {
			isa = PBXNativeTarget;
			buildConfigurationList = 1E1FEA152EDC02DE00D5C7D5 /* Build configuration list for PBXNativeTarget "AbsherIDConnectApp" */;
			buildPhases = (
				1E1FE9F02EDC02D700D5C7D5 /* Sources */,
				1E1FE9F12EDC02D700D5C7D5 /* Frameworks */,
				1E1FE9F22EDC02D700D5C7D5 /* Resources */,
			);
			buildRules = (
			);
			dependencies = (
			);
			fileSystemSynchronizedGroups = (
				1E1FE9F62EDC02D700D5C7D5 /* AbsherIDConnectApp */,
			);
			name = AbsherIDConnectApp;
			packageProductDependencies = (
			);
			productName = AbsherIDConnectApp;
			productReference = 1E1FE9F42EDC02D700D5C7D5 /* AbsherIDConnectApp.app */;
			productType = "com.apple.product-type.application";
		};
		1E1FEA002EDC02DE00D5C7D5 /* AbsherIDConnectAppTests */ = {
			isa = PBXNativeTarget;
			buildConfigurationList = 1E1FEA182EDC02DE00D5C7D5 /* Build configuration list for PBXNativeTarget "AbsherIDConnectAppTests" */;
			buildPhases = (
				1E1FE9FD2EDC02DE00D5C7D5 /* Sources */,
				1E1FE9FE2EDC02DE00D5C7D5 /* Frameworks */,
				1E1FE9FF2EDC02DE00D5C7D5 /* Resources */,
			);
			buildRules = (
			);
			dependencies = (
				1E1FEA032EDC02DE00D5C7D5 /* PBXTargetDependency */,
			);
			fileSystemSynchronizedGroups = (
				1E1FEA042EDC02DE00D5C7D5 /* AbsherIDConnectAppTests */,
			);
			name = AbsherIDConnectAppTests;
			packageProductDependencies = (
			);
			productName = AbsherIDConnectAppTests;
			productReference = 1E1FEA012EDC02DE00D5C7D5 /* AbsherIDConnectAppTests.xctest */;
			productType = "com.apple.product-type.bundle.unit-test";
		};
		1E1FEA0A2EDC02DE00D5C7D5 /* AbsherIDConnectAppUITests */ = {
			isa = PBXNativeTarget;
			buildConfigurationList = 1E1FEA1B2EDC02DE00D5C7D5 /* Build configuration list for PBXNativeTarget "AbsherIDConnectAppUITests" */;
			buildPhases = (
				1E1FEA072EDC02DE00D5C7D5 /* Sources */,
				1E1FEA082EDC02DE00D5C7D5 /* Frameworks */,
				1E1FEA092EDC02DE00D5C7D5 /* Resources */,
			);
			buildRules = (
			);
			dependencies = (
				1E1FEA0D2EDC02DE00D5C7D5 /* PBXTargetDependency */,
			);
			fileSystemSynchronizedGroups = (
				1E1FEA0E2EDC02DE00D5C7D5 /* AbsherIDConnectAppUITests */,
			);
			name = AbsherIDConnectAppUITests;
			packageProductDependencies = (
			);
			productName = AbsherIDConnectAppUITests;
			productReference = 1E1FEA0B2EDC02DE00D5C7D5 /* AbsherIDConnectAppUITests.xctest */;
			productType = "com.apple.product-type.bundle.ui-testing";
		};
/* End PBXNativeTarget section */

/* Begin PBXProject section */
		1E1FE9EC2EDC02D700D5C7D5 /* Project object */ = {
			isa = PBXProject;
			attributes = {
				BuildIndependentTargetsInParallel = 1;
				LastSwiftUpdateCheck = 2610;
				LastUpgradeCheck = 2610;
				TargetAttributes = {
					1E1FE9F32EDC02D700D5C7D5 = {
						CreatedOnToolsVersion = 26.1.1;
					};
					1E1FEA002EDC02DE00D5C7D5 = {
						CreatedOnToolsVersion = 26.1.1;
						TestTargetID = 1E1FE9F32EDC02D700D5C7D5;
					};
					1E1FEA0A2EDC02DE00D5C7D5 = {
						CreatedOnToolsVersion = 26.1.1;
						TestTargetID = 1E1FE9F32EDC02D700D5C7D5;
					};
				};
			};
			buildConfigurationList = 1E1FE9EF2EDC02D700D5C7D5 /* Build configuration list for PBXProject "AbsherIDConnectApp" */;
			developmentRegion = en;
			hasScannedForEncodings = 0;
			knownRegions = (
				en,
				Base,
			);
			mainGroup = 1E1FE9EB2EDC02D700D5C7D5;
			minimizedProjectReferenceProxies = 1;
			preferredProjectObjectVersion = 77;
			productRefGroup = 1E1FE9F52EDC02D700D5C7D5 /* Products */;
			projectDirPath = "";
			projectRoot = "";
			targets = (
				1E1FE9F32EDC02D700D5C7D5 /* AbsherIDConnectApp */,
				1E1FEA002EDC02DE00D5C7D5 /* AbsherIDConnectAppTests */,
				1E1FEA0A2EDC02DE00D5C7D5 /* AbsherIDConnectAppUITests */,
			);
		};
/* End PBXProject section */

/* Begin PBXResourcesBuildPhase section */
		1E1FE9F22EDC02D700D5C7D5 /* Resources */ = {
			isa = PBXResourcesBuildPhase;
			buildActionMask = 2147483647;
			files = (
			);
			runOnlyForDeploymentPostprocessing = 0;
		};
		1E1FE9FF2EDC02DE00D5C7D5 /* Resources */ = {
			isa = PBXResourcesBuildPhase;
			buildActionMask = 2147483647;
			files = (
			);
			runOnlyForDeploymentPostprocessing = 0;
		};
		1E1FEA092EDC02DE00D5C7D5 /* Resources */ = {
			isa = PBXResourcesBuildPhase;
			buildActionMask = 2147483647;
			files = (
			);
			runOnlyForDeploymentPostprocessing = 0;
		};
/* End PBXResourcesBuildPhase section */

/* Begin PBXSourcesBuildPhase section */
		1E1FE9F02EDC02D700D5C7D5 /* Sources */ = {
			isa = PBXSourcesBuildPhase;
			buildActionMask = 2147483647;
			files = (
			);
			runOnlyForDeploymentPostprocessing = 0;
		};
		1E1FE9FD2EDC02DE00D5C7D5 /* Sources */ = {
			isa = PBXSourcesBuildPhase;
			buildActionMask = 2147483647;
			files = (
			);
			runOnlyForDeploymentPostprocessing = 0;
		};
		1E1FEA072EDC02DE00D5C7D5 /* Sources */ = {
			isa = PBXSourcesBuildPhase;
			buildActionMask = 2147483647;
			files = (
			);
			runOnlyForDeploymentPostprocessing = 0;
		};
/* End PBXSourcesBuildPhase section */

/* Begin PBXTargetDependency section */
		1E1FEA032EDC02DE00D5C7D5 /* PBXTargetDependency */ = {
			isa = PBXTargetDependency;
			target = 1E1FE9F32EDC02D700D5C7D5 /* AbsherIDConnectApp */;
			targetProxy = 1E1FEA022EDC02DE00D5C7D5 /* PBXContainerItemProxy */;
		};
		1E1FEA0D2EDC02DE00D5C7D5 /* PBXTargetDependency */ = {
			isa = PBXTargetDependency;
			target = 1E1FE9F32EDC02D700D5C7D5 /* AbsherIDConnectApp */;
			targetProxy = 1E1FEA0C2EDC02DE00D5C7D5 /* PBXContainerItemProxy */;
		};
/* End PBXTargetDependency section */

/* Begin XCBuildConfiguration section */
		1E1FEA132EDC02DE00D5C7D5 /* Debug */ = {
			isa = XCBuildConfiguration;
			buildSettings = {
				ALWAYS_SEARCH_USER_PATHS = NO;
				ASSETCATALOG_COMPILER_GENERATE_SWIFT_ASSET_SYMBOL_EXTENSIONS = YES;
				CLANG_ANALYZER_NONNULL = YES;
				CLANG_ANALYZER_NUMBER_OBJECT_CONVERSION = YES_AGGRESSIVE;
				CLANG_CXX_LANGUAGE_STANDARD = "gnu++20";
				CLANG_ENABLE_MODULES = YES;
				CLANG_ENABLE_OBJC_ARC = YES;
				CLANG_ENABLE_OBJC_WEAK = YES;
				CLANG_WARN_BLOCK_CAPTURE_AUTORELEASING = YES;
				CLANG_WARN_BOOL_CONVERSION = YES;
				CLANG_WARN_COMMA = YES;
				CLANG_WARN_CONSTANT_CONVERSION = YES;
				CLANG_WARN_DEPRECATED_OBJC_IMPLEMENTATIONS = YES;
				CLANG_WARN_DIRECT_OBJC_ISA_USAGE = YES_ERROR;
				CLANG_WARN_DOCUMENTATION_COMMENTS = YES;
				CLANG_WARN_EMPTY_BODY = YES;
				CLANG_WARN_ENUM_CONVERSION = YES;
				CLANG_WARN_INFINITE_RECURSION = YES;
				CLANG_WARN_INT_CONVERSION = YES;
				CLANG_WARN_NON_LITERAL_NULL_CONVERSION = YES;
				CLANG_WARN_OBJC_IMPLICIT_RETAIN_SELF = YES;
				CLANG_WARN_OBJC_LITERAL_CONVERSION = YES;
				CLANG_WARN_OBJC_ROOT_CLASS = YES_ERROR;
				CLANG_WARN_QUOTED_INCLUDE_IN_FRAMEWORK_HEADER = YES;
				CLANG_WARN_RANGE_LOOP_ANALYSIS = YES;
				CLANG_WARN_STRICT_PROTOTYPES = YES;
				CLANG_WARN_SUSPICIOUS_MOVE = YES;
				CLANG_WARN_UNGUARDED_AVAILABILITY = YES_AGGRESSIVE;
				CLANG_WARN_UNREACHABLE_CODE = YES;
				CLANG_WARN__DUPLICATE_METHOD_MATCH = YES;
				COPY_PHASE_STRIP = NO;
				DEBUG_INFORMATION_FORMAT = dwarf;
				DEVELOPMENT_TEAM = UZ6DLV7BDB;
				ENABLE_STRICT_OBJC_MSGSEND = YES;
				ENABLE_TESTABILITY = YES;
				ENABLE_USER_SCRIPT_SANDBOXING = YES;
				GCC_C_LANGUAGE_STANDARD = gnu17;
				GCC_DYNAMIC_NO_PIC = NO;
				GCC_NO_COMMON_BLOCKS = YES;
				GCC_OPTIMIZATION_LEVEL = 0;
				GCC_PREPROCESSOR_DEFINITIONS = (
					"DEBUG=1",
					"$(inherited)",
				);
				GCC_WARN_64_TO_32_BIT_CONVERSION = YES;
				GCC_WARN_ABOUT_RETURN_TYPE = YES_ERROR;
				GCC_WARN_UNDECLARED_SELECTOR = YES;
				GCC_WARN_UNINITIALIZED_AUTOS = YES_AGGRESSIVE;
				GCC_WARN_UNUSED_FUNCTION = YES;
				GCC_WARN_UNUSED_VARIABLE = YES;
				IPHONEOS_DEPLOYMENT_TARGET = 26.1;
				LOCALIZATION_PREFERS_STRING_CATALOGS = YES;
				MTL_ENABLE_DEBUG_INFO = INCLUDE_SOURCE;
				MTL_FAST_MATH = YES;
				ONLY_ACTIVE_ARCH = YES;
				SDKROOT = iphoneos;
				SWIFT_ACTIVE_COMPILATION_CONDITIONS = "DEBUG $(inherited)";
				SWIFT_OPTIMIZATION_LEVEL = "-Onone";
			};
			name = Debug;
		};
		1E1FEA142EDC02DE00D5C7D5 /* Release */ = {
			isa = XCBuildConfiguration;
			buildSettings = {
				ALWAYS_SEARCH_USER_PATHS = NO;
				ASSETCATALOG_COMPILER_GENERATE_SWIFT_ASSET_SYMBOL_EXTENSIONS = YES;
				CLANG_ANALYZER_NONNULL = YES;
				CLANG_ANALYZER_NUMBER_OBJECT_CONVERSION = YES_AGGRESSIVE;
				CLANG_CXX_LANGUAGE_STANDARD = "gnu++20";
				CLANG_ENABLE_MODULES = YES;
				CLANG_ENABLE_OBJC_ARC = YES;
				CLANG_ENABLE_OBJC_WEAK = YES;
				CLANG_WARN_BLOCK_CAPTURE_AUTORELEASING = YES;
				CLANG_WARN_BOOL_CONVERSION = YES;
				CLANG_WARN_COMMA = YES;
				CLANG_WARN_CONSTANT_CONVERSION = YES;
				CLANG_WARN_DEPRECATED_OBJC_IMPLEMENTATIONS = YES;
				CLANG_WARN_DIRECT_OBJC_ISA_USAGE = YES_ERROR;
				CLANG_WARN_DOCUMENTATION_COMMENTS = YES;
				CLANG_WARN_EMPTY_BODY = YES;
				CLANG_WARN_ENUM_CONVERSION = YES;
				CLANG_WARN_INFINITE_RECURSION = YES;
				CLANG_WARN_INT_CONVERSION = YES;
				CLANG_WARN_NON_LITERAL_NULL_CONVERSION = YES;
				CLANG_WARN_OBJC_IMPLICIT_RETAIN_SELF = YES;
				CLANG_WARN_OBJC_LITERAL_CONVERSION = YES;
				CLANG_WARN_OBJC_ROOT_CLASS = YES_ERROR;
				CLANG_WARN_QUOTED_INCLUDE_IN_FRAMEWORK_HEADER = YES;
				CLANG_WARN_RANGE_LOOP_ANALYSIS = YES;
				CLANG_WARN_STRICT_PROTOTYPES = YES;
				CLANG_WARN_SUSPICIOUS_MOVE = YES;
				CLANG_WARN_UNGUARDED_AVAILABILITY = YES_AGGRESSIVE;
				CLANG_WARN_UNREACHABLE_CODE = YES;
				CLANG_WARN__DUPLICATE_METHOD_MATCH = YES;
				COPY_PHASE_STRIP = NO;
				DEBUG_INFORMATION_FORMAT = "dwarf-with-dsym";
				DEVELOPMENT_TEAM = UZ6DLV7BDB;
				ENABLE_NS_ASSERTIONS = NO;
				ENABLE_STRICT_OBJC_MSGSEND = YES;
				ENABLE_USER_SCRIPT_SANDBOXING = YES;
				GCC_C_LANGUAGE_STANDARD = gnu17;
				GCC_NO_COMMON_BLOCKS = YES;
				GCC_WARN_64_TO_32_BIT_CONVERSION = YES;
				GCC_WARN_ABOUT_RETURN_TYPE = YES_ERROR;
				GCC_WARN_UNDECLARED_SELECTOR = YES;
				GCC_WARN_UNINITIALIZED_AUTOS = YES_AGGRESSIVE;
				GCC_WARN_UNUSED_FUNCTION = YES;
				GCC_WARN_UNUSED_VARIABLE = YES;
				IPHONEOS_DEPLOYMENT_TARGET = 26.1;
				LOCALIZATION_PREFERS_STRING_CATALOGS = YES;
				MTL_ENABLE_DEBUG_INFO = NO;
				MTL_FAST_MATH = YES;
				SDKROOT = iphoneos;
				SWIFT_COMPILATION_MODE = wholemodule;
				VALIDATE_PRODUCT = YES;
			};
			name = Release;
		};
		1E1FEA162EDC02DE00D5C7D5 /* Debug */ = {
			isa = XCBuildConfiguration;
			buildSettings = {
				ASSETCATALOG_COMPILER_APPICON_NAME = AppIcon;
				ASSETCATALOG_COMPILER_GLOBAL_ACCENT_COLOR_NAME = AccentColor;
				CODE_SIGN_STYLE = Automatic;
				CURRENT_PROJECT_VERSION = 1;
				DEVELOPMENT_TEAM = UZ6DLV7BDB;
				ENABLE_PREVIEWS = YES;
				GENERATE_INFOPLIST_FILE = YES;
				INFOPLIST_KEY_UIApplicationSceneManifest_Generation = YES;
				INFOPLIST_KEY_UIApplicationSupportsIndirectInputEvents = YES;
				INFOPLIST_KEY_UILaunchScreen_Generation = YES;
				INFOPLIST_KEY_UISupportedInterfaceOrientations_iPad = "UIInterfaceOrientationPortrait UIInterfaceOrientationPortraitUpsideDown UIInterfaceOrientationLandscapeLeft UIInterfaceOrientationLandscapeRight";
				INFOPLIST_KEY_UISupportedInterfaceOrientations_iPhone = "UIInterfaceOrientationPortrait UIInterfaceOrientationLandscapeLeft UIInterfaceOrientationLandscapeRight";
				IPHONEOS_DEPLOYMENT_TARGET = 18.6;
				LD_RUNPATH_SEARCH_PATHS = (
					"$(inherited)",
					"@executable_path/Frameworks",
				);
				MARKETING_VERSION = 1.0;
				PRODUCT_BUNDLE_IDENTIFIER = non.AbsherIDConnectApp;
				PRODUCT_NAME = "$(TARGET_NAME)";
				STRING_CATALOG_GENERATE_SYMBOLS = YES;
				SWIFT_APPROACHABLE_CONCURRENCY = YES;
				SWIFT_DEFAULT_ACTOR_ISOLATION = MainActor;
				SWIFT_EMIT_LOC_STRINGS = YES;
				SWIFT_UPCOMING_FEATURE_MEMBER_IMPORT_VISIBILITY = YES;
				SWIFT_VERSION = 5.0;
				TARGETED_DEVICE_FAMILY = "1,2";
			};
			name = Debug;
		};
		1E1FEA172EDC02DE00D5C7D5 /* Release */ = {
			isa = XCBuildConfiguration;
			buildSettings = {
				ASSETCATALOG_COMPILER_APPICON_NAME = AppIcon;
				ASSETCATALOG_COMPILER_GLOBAL_ACCENT_COLOR_NAME = AccentColor;
				CODE_SIGN_STYLE = Automatic;
				CURRENT_PROJECT_VERSION = 1;
				DEVELOPMENT_TEAM = UZ6DLV7BDB;
				ENABLE_PREVIEWS = YES;
				GENERATE_INFOPLIST_FILE = YES;
				INFOPLIST_KEY_UIApplicationSceneManifest_Generation = YES;
				INFOPLIST_KEY_UIApplicationSupportsIndirectInputEvents = YES;
				INFOPLIST_KEY_UILaunchScreen_Generation = YES;
				INFOPLIST_KEY_UISupportedInterfaceOrientations_iPad = "UIInterfaceOrientationPortrait UIInterfaceOrientationPortraitUpsideDown UIInterfaceOrientationLandscapeLeft UIInterfaceOrientationLandscapeRight";
				INFOPLIST_KEY_UISupportedInterfaceOrientations_iPhone = "UIInterfaceOrientationPortrait UIInterfaceOrientationLandscapeLeft UIInterfaceOrientationLandscapeRight";
				IPHONEOS_DEPLOYMENT_TARGET = 18.6;
				LD_RUNPATH_SEARCH_PATHS = (
					"$(inherited)",
					"@executable_path/Frameworks",
				);
				MARKETING_VERSION = 1.0;
				PRODUCT_BUNDLE_IDENTIFIER = non.AbsherIDConnectApp;
				PRODUCT_NAME = "$(TARGET_NAME)";
				STRING_CATALOG_GENERATE_SYMBOLS = YES;
				SWIFT_APPROACHABLE_CONCURRENCY = YES;
				SWIFT_DEFAULT_ACTOR_ISOLATION = MainActor;
				SWIFT_EMIT_LOC_STRINGS = YES;
				SWIFT_UPCOMING_FEATURE_MEMBER_IMPORT_VISIBILITY = YES;
				SWIFT_VERSION = 5.0;
				TARGETED_DEVICE_FAMILY = "1,2";
			};
			name = Release;
		};
		1E1FEA192EDC02DE00D5C7D5 /* Debug */ = {
			isa = XCBuildConfiguration;
			buildSettings = {
				BUNDLE_LOADER = "$(TEST_HOST)";
				CODE_SIGN_STYLE = Automatic;
				CURRENT_PROJECT_VERSION = 1;
				DEVELOPMENT_TEAM = UZ6DLV7BDB;
				GENERATE_INFOPLIST_FILE = YES;
				IPHONEOS_DEPLOYMENT_TARGET = 26.1;
				MARKETING_VERSION = 1.0;
				PRODUCT_BUNDLE_IDENTIFIER = non.AbsherIDConnectAppTests;
				PRODUCT_NAME = "$(TARGET_NAME)";
				STRING_CATALOG_GENERATE_SYMBOLS = NO;
				SWIFT_APPROACHABLE_CONCURRENCY = YES;
				SWIFT_EMIT_LOC_STRINGS = NO;
				SWIFT_UPCOMING_FEATURE_MEMBER_IMPORT_VISIBILITY = YES;
				SWIFT_VERSION = 5.0;
				TARGETED_DEVICE_FAMILY = "1,2";
				TEST_HOST = "$(BUILT_PRODUCTS_DIR)/AbsherIDConnectApp.app/$(BUNDLE_EXECUTABLE_FOLDER_PATH)/AbsherIDConnectApp";
			};
			name = Debug;
		};
		1E1FEA1A2EDC02DE00D5C7D5 /* Release */ = {
			isa = XCBuildConfiguration;
			buildSettings = {
				BUNDLE_LOADER = "$(TEST_HOST)";
				CODE_SIGN_STYLE = Automatic;
				CURRENT_PROJECT_VERSION = 1;
				DEVELOPMENT_TEAM = UZ6DLV7BDB;
				GENERATE_INFOPLIST_FILE = YES;
				IPHONEOS_DEPLOYMENT_TARGET = 26.1;
				MARKETING_VERSION = 1.0;
				PRODUCT_BUNDLE_IDENTIFIER = non.AbsherIDConnectAppTests;
				PRODUCT_NAME = "$(TARGET_NAME)";
				STRING_CATALOG_GENERATE_SYMBOLS = NO;
				SWIFT_APPROACHABLE_CONCURRENCY = YES;
				SWIFT_EMIT_LOC_STRINGS = NO;
				SWIFT_UPCOMING_FEATURE_MEMBER_IMPORT_VISIBILITY = YES;
				SWIFT_VERSION = 5.0;
				TARGETED_DEVICE_FAMILY = "1,2";
				TEST_HOST = "$(BUILT_PRODUCTS_DIR)/AbsherIDConnectApp.app/$(BUNDLE_EXECUTABLE_FOLDER_PATH)/AbsherIDConnectApp";
			};
			name = Release;
		};
		1E1FEA1C2EDC02DE00D5C7D5 /* Debug */ = {
			isa = XCBuildConfiguration;
			buildSettings = {
				CODE_SIGN_STYLE = Automatic;
				CURRENT_PROJECT_VERSION = 1;
				DEVELOPMENT_TEAM = UZ6DLV7BDB;
				GENERATE_INFOPLIST_FILE = YES;
				MARKETING_VERSION = 1.0;
				PRODUCT_BUNDLE_IDENTIFIER = non.AbsherIDConnectAppUITests;
				PRODUCT_NAME = "$(TARGET_NAME)";
				STRING_CATALOG_GENERATE_SYMBOLS = NO;
				SWIFT_APPROACHABLE_CONCURRENCY = YES;
				SWIFT_EMIT_LOC_STRINGS = NO;
				SWIFT_UPCOMING_FEATURE_MEMBER_IMPORT_VISIBILITY = YES;
				SWIFT_VERSION = 5.0;
				TARGETED_DEVICE_FAMILY = "1,2";
				TEST_TARGET_NAME = AbsherIDConnectApp;
			};
			name = Debug;
		};
		1E1FEA1D2EDC02DE00D5C7D5 /* Release */ = {
			isa = XCBuildConfiguration;
			buildSettings = {
				CODE_SIGN_STYLE = Automatic;
				CURRENT_PROJECT_VERSION = 1;
				DEVELOPMENT_TEAM = UZ6DLV7BDB;
				GENERATE_INFOPLIST_FILE = YES;
				MARKETING_VERSION = 1.0;
				PRODUCT_BUNDLE_IDENTIFIER = non.AbsherIDConnectAppUITests;
				PRODUCT_NAME = "$(TARGET_NAME)";
				STRING_CATALOG_GENERATE_SYMBOLS = NO;
				SWIFT_APPROACHABLE_CONCURRENCY = YES;
				SWIFT_EMIT_LOC_STRINGS = NO;
				SWIFT_UPCOMING_FEATURE_MEMBER_IMPORT_VISIBILITY = YES;
				SWIFT_VERSION = 5.0;
				TARGETED_DEVICE_FAMILY = "1,2";
				TEST_TARGET_NAME = AbsherIDConnectApp;
			};
			name = Release;
		};
/* End XCBuildConfiguration section */

/* Begin XCConfigurationList section */
		1E1FE9EF2EDC02D700D5C7D5 /* Build configuration list for PBXProject "AbsherIDConnectApp" */ = {
			isa = XCConfigurationList;
			buildConfigurations = (
				1E1FEA132EDC02DE00D5C7D5 /* Debug */,
				1E1FEA142EDC02DE00D5C7D5 /* Release */,
			);
			defaultConfigurationIsVisible = 0;
			defaultConfigurationName = Release;
		};
		1E1FEA152EDC02DE00D5C7D5 /* Build configuration list for PBXNativeTarget "AbsherIDConnectApp" */ = {
			isa = XCConfigurationList;
			buildConfigurations = (
				1E1FEA162EDC02DE00D5C7D5 /* Debug */,
				1E1FEA172EDC02DE00D5C7D5 /* Release */,
			);
			defaultConfigurationIsVisible = 0;
			defaultConfigurationName = Release;
		};
		1E1FEA182EDC02DE00D5C7D5 /* Build configuration list for PBXNativeTarget "AbsherIDConnectAppTests" */ = {
			isa = XCConfigurationList;
			buildConfigurations = (
				1E1FEA192EDC02DE00D5C7D5 /* Debug */,
				1E1FEA1A2EDC02DE00D5C7D5 /* Release */,
			);
			defaultConfigurationIsVisible = 0;
			defaultConfigurationName = Release;
		};
		1E1FEA1B2EDC02DE00D5C7D5 /* Build configuration list for PBXNativeTarget "AbsherIDConnectAppUITests" */ = {
			isa = XCConfigurationList;
			buildConfigurations = (
				1E1FEA1C2EDC02DE00D5C7D5 /* Debug */,
				1E1FEA1D2EDC02DE00D5C7D5 /* Release */,
			);
			defaultConfigurationIsVisible = 0;
			defaultConfigurationName = Release;
		};
/* End XCConfigurationList section */
	};
	rootObject = 1E1FE9EC2EDC02D700D5C7D5 /* Project object */;
}
